
Microsoft Visual Studio Solution File, Format Version 12.00
# Visual Studio Version 16
VisualStudioVersion = 16.0.29911.84
MinimumVisualStudioVersion = 10.0.40219.1
Project("{9A19103F-16F7-4668-BE54-9A1E7A4F7556}") = "CMSProject.Web", "CMSProject.Web\CMSProject.Web.csproj", "{29E26DB8-72E1-40E2-B995-31051A086FF3}"
EndProject
Project("{9A19103F-16F7-4668-BE54-9A1E7A4F7556}") = "CMSProject.DomainClass", "CMSProject.DomainClass\CMSProject.DomainClass.csproj", "{361D0106-E51C-4351-8EF9-3DF584CE2F49}"
EndProject
Project("{9A19103F-16F7-4668-BE54-9A1E7A4F7556}") = "CMSProject.DataLayer", "CMSProject.DataLayer\CMSProject.DataLayer.csproj", "{6E0B0C30-86D5-432A-B4ED-26238882A7AB}"
EndProject
Project("{9A19103F-16F7-4668-BE54-9A1E7A4F7556}") = "CMSProject.Services", "CMSProject.Services\CMSProject.Services.csproj", "{5F2ADD07-6E24-4905-B54B-91FD24104495}"
EndProject
Project("{9A19103F-16F7-4668-BE54-9A1E7A4F7556}") = "CMSProject.ViewModels", "CMSProject.ViewModels\CMSProject.ViewModels.csproj", "{8A43FE0E-70CE-49CB-9570-4F3A7843F98B}"
EndProject
Project("{FAE04EC0-301F-11D3-BF4B-00C04F79EFBC}") = "CMSProjects.Utilities", "CMSProjects.Utilities\CMSProjects.Utilities.csproj", "{B3F2FFFE-2288-43B4-B61E-AFE3431A5A9D}"
EndProject
Global
	GlobalSection(SolutionConfigurationPlatforms) = preSolution
		Debug|Any CPU = Debug|Any CPU
		Release|Any CPU = Release|Any CPU
	EndGlobalSection
	GlobalSection(ProjectConfigurationPlatforms) = postSolution
		{29E26DB8-72E1-40E2-B995-31051A086FF3}.Debug|Any CPU.ActiveCfg = Debug|Any CPU
		{29E26DB8-72E1-40E2-B995-31051A086FF3}.Debug|Any CPU.Build.0 = Debug|Any CPU
		{29E26DB8-72E1-40E2-B995-31051A086FF3}.Release|Any CPU.ActiveCfg = Release|Any CPU
		{29E26DB8-72E1-40E2-B995-31051A086FF3}.Release|Any CPU.Build.0 = Release|Any CPU
		{361D0106-E51C-4351-8EF9-3DF584CE2F49}.Debug|Any CPU.ActiveCfg = Debug|Any CPU
		{361D0106-E51C-4351-8EF9-3DF584CE2F49}.Debug|Any CPU.Build.0 = Debug|Any CPU
		{361D0106-E51C-4351-8EF9-3DF584CE2F49}.Release|Any CPU.ActiveCfg = Release|Any CPU
		{361D0106-E51C-4351-8EF9-3DF584CE2F49}.Release|Any CPU.Build.0 = Release|Any CPU
		{6E0B0C30-86D5-432A-B4ED-26238882A7AB}.Debug|Any CPU.ActiveCfg = Debug|Any CPU
		{6E0B0C30-86D5-432A-B4ED-26238882A7AB}.Debug|Any CPU.Build.0 = Debug|Any CPU
		{6E0B0C30-86D5-432A-B4ED-26238882A7AB}.Release|Any CPU.ActiveCfg = Release|Any CPU
		{6E0B0C30-86D5-432A-B4ED-26238882A7AB}.Release|Any CPU.Build.0 = Release|Any CPU
		{5F2ADD07-6E24-4905-B54B-91FD24104495}.Debug|Any CPU.ActiveCfg = Debug|Any CPU
		{5F2ADD07-6E24-4905-B54B-91FD24104495}.Debug|Any CPU.Build.0 = Debug|Any CPU
		{5F2ADD07-6E24-4905-B54B-91FD24104495}.Release|Any CPU.ActiveCfg = Release|Any CPU
		{5F2ADD07-6E24-4905-B54B-91FD24104495}.Release|Any CPU.Build.0 = Release|Any CPU
		{8A43FE0E-70CE-49CB-9570-4F3A7843F98B}.Debug|Any CPU.ActiveCfg = Debug|Any CPU
		{8A43FE0E-70CE-49CB-9570-4F3A7843F98B}.Debug|Any CPU.Build.0 = Debug|Any CPU
		{8A43FE0E-70CE-49CB-9570-4F3A7843F98B}.Release|Any CPU.ActiveCfg = Release|Any CPU
		{8A43FE0E-70CE-49CB-9570-4F3A7843F98B}.Release|Any CPU.Build.0 = Release|Any CPU
		{B3F2FFFE-2288-43B4-B61E-AFE3431A5A9D}.Debug|Any CPU.ActiveCfg = Debug|Any CPU
		{B3F2FFFE-2288-43B4-B61E-AFE3431A5A9D}.Debug|Any CPU.Build.0 = Debug|Any CPU
		{B3F2FFFE-2288-43B4-B61E-AFE3431A5A9D}.Release|Any CPU.ActiveCfg = Release|Any CPU
		{B3F2FFFE-2288-43B4-B61E-AFE3431A5A9D}.Release|Any CPU.Build.0 = Release|Any CPU
	EndGlobalSection
	GlobalSection(SolutionProperties) = preSolution
		HideSolutionNode = FALSE
	EndGlobalSection
	GlobalSection(ExtensibilityGlobals) = postSolution
		SolutionGuid = {AD38F66F-BA8D-4370-81A1-31A865591C87}
	EndGlobalSection
EndGlobal
